Microsoft Visual Studio Solution File, Format Version 12.00
# Visual Studio Version 16
VisualStudioVersion = 16.0.29102.190
MinimumVisualStudioVersion = 10.0.40219.1
Project("{8BC9CEB8-8B4A-11D0-8D11-00A0C91BC942}") = "ImGUI", "ImGUI.vcxproj", "{A1BD474A-608E-45C0-800D-29E0F810C65D}"
EndProject
Project("{8BC9CEB8-8B4A-11D0-8D11-00A0C91BC942}") = "SDL2", "SDL2.vcxproj", "{49504718-920B-4B4C-9DD2-A858E2956B6B}"
EndProject
Project("{2150E333-8FDC-42A3-9474-1A3956D46DE8}") = "3rd Party", "3rd Party", "{8EB02EE3-357C-4D10-94BC-5926A22B48EA}"
EndProject
Project("{8BC9CEB8-8B4A-11D0-8D11-00A0C91BC942}") = "GBenchmark", "GBenchmark.vcxproj", "{3160C1A1-DE62-4F21-ADCF-1908CEC30A5B}"
EndProject
Project("{8BC9CEB8-8B4A-11D0-8D11-00A0C91BC942}") = "GTest", "GTest.vcxproj", "{5DFC16CC-C8A8-4B94-BAAC-0012381851FA}"
EndProject
Project("{8BC9CEB8-8B4A-11D0-8D11-00A0C91BC942}") = "Application", "Application.vcxproj", "{1F832837-89B6-4E67-9DEC-27C49F2D0C9F}"
	ProjectSection(ProjectDependencies) = postProject
		{49504718-920B-4B4C-9DD2-A858E2956B6B} = {49504718-920B-4B4C-9DD2-A858E2956B6B}
		{A1BD474A-608E-45C0-800D-29E0F810C65D} = {A1BD474A-608E-45C0-800D-29E0F810C65D}
	EndProjectSection
EndProject
Global
	GlobalSection(SolutionConfigurationPlatforms) = preSolution
		Debug|x64 = Debug|x64
		Debug|x86 = Debug|x86
		Profile|x64 = Profile|x64
		Profile|x86 = Profile|x86
		Release|x64 = Release|x64
		Release|x86 = Release|x86
	EndGlobalSection
	GlobalSection(ProjectConfigurationPlatforms) = postSolution
		{A1BD474A-608E-45C0-800D-29E0F810C65D}.Debug|x64.ActiveCfg = Debug|x64
		{A1BD474A-608E-45C0-800D-29E0F810C65D}.Debug|x64.Build.0 = Debug|x64
		{A1BD474A-608E-45C0-800D-29E0F810C65D}.Debug|x86.ActiveCfg = Debug|Win32
		{A1BD474A-608E-45C0-800D-29E0F810C65D}.Debug|x86.Build.0 = Debug|Win32
		{A1BD474A-608E-45C0-800D-29E0F810C65D}.Profile|x64.ActiveCfg = Debug|x64
		{A1BD474A-608E-45C0-800D-29E0F810C65D}.Profile|x64.Build.0 = Debug|x64
		{A1BD474A-608E-45C0-800D-29E0F810C65D}.Profile|x86.ActiveCfg = Debug|Win32
		{A1BD474A-608E-45C0-800D-29E0F810C65D}.Profile|x86.Build.0 = Debug|Win32
		{A1BD474A-608E-45C0-800D-29E0F810C65D}.Release|x64.ActiveCfg = Release|x64
		{A1BD474A-608E-45C0-800D-29E0F810C65D}.Release|x64.Build.0 = Release|x64
		{A1BD474A-608E-45C0-800D-29E0F810C65D}.Release|x86.ActiveCfg = Release|Win32
		{A1BD474A-608E-45C0-800D-29E0F810C65D}.Release|x86.Build.0 = Release|Win32
		{49504718-920B-4B4C-9DD2-A858E2956B6B}.Debug|x64.ActiveCfg = Debug|x64
		{49504718-920B-4B4C-9DD2-A858E2956B6B}.Debug|x64.Build.0 = Debug|x64
		{49504718-920B-4B4C-9DD2-A858E2956B6B}.Debug|x86.ActiveCfg = Debug|Win32
		{49504718-920B-4B4C-9DD2-A858E2956B6B}.Debug|x86.Build.0 = Debug|Win32
		{49504718-920B-4B4C-9DD2-A858E2956B6B}.Profile|x64.ActiveCfg = Debug|x64
		{49504718-920B-4B4C-9DD2-A858E2956B6B}.Profile|x64.Build.0 = Debug|x64
		{49504718-920B-4B4C-9DD2-A858E2956B6B}.Profile|x86.ActiveCfg = Debug|Win32
		{49504718-920B-4B4C-9DD2-A858E2956B6B}.Profile|x86.Build.0 = Debug|Win32
		{49504718-920B-4B4C-9DD2-A858E2956B6B}.Release|x64.ActiveCfg = Release|x64
		{49504718-920B-4B4C-9DD2-A858E2956B6B}.Release|x64.Build.0 = Release|x64
		{49504718-920B-4B4C-9DD2-A858E2956B6B}.Release|x86.ActiveCfg = Release|Win32
		{49504718-920B-4B4C-9DD2-A858E2956B6B}.Release|x86.Build.0 = Release|Win32
		{3160C1A1-DE62-4F21-ADCF-1908CEC30A5B}.Debug|x64.ActiveCfg = Debug|x64
		{3160C1A1-DE62-4F21-ADCF-1908CEC30A5B}.Debug|x64.Build.0 = Debug|x64
		{3160C1A1-DE62-4F21-ADCF-1908CEC30A5B}.Debug|x86.ActiveCfg = Debug|Win32
		{3160C1A1-DE62-4F21-ADCF-1908CEC30A5B}.Debug|x86.Build.0 = Debug|Win32
		{3160C1A1-DE62-4F21-ADCF-1908CEC30A5B}.Profile|x64.ActiveCfg = Profile|x64
		{3160C1A1-DE62-4F21-ADCF-1908CEC30A5B}.Profile|x64.Build.0 = Profile|x64
		{3160C1A1-DE62-4F21-ADCF-1908CEC30A5B}.Profile|x86.ActiveCfg = Profile|Win32
		{3160C1A1-DE62-4F21-ADCF-1908CEC30A5B}.Profile|x86.Build.0 = Profile|Win32
		{3160C1A1-DE62-4F21-ADCF-1908CEC30A5B}.Release|x64.ActiveCfg = Release|x64
		{3160C1A1-DE62-4F21-ADCF-1908CEC30A5B}.Release|x64.Build.0 = Release|x64
		{3160C1A1-DE62-4F21-ADCF-1908CEC30A5B}.Release|x86.ActiveCfg = Release|Win32
		{3160C1A1-DE62-4F21-ADCF-1908CEC30A5B}.Release|x86.Build.0 = Release|Win32
		{5DFC16CC-C8A8-4B94-BAAC-0012381851FA}.Debug|x64.ActiveCfg = Debug|x64
		{5DFC16CC-C8A8-4B94-BAAC-0012381851FA}.Debug|x64.Build.0 = Debug|x64
		{5DFC16CC-C8A8-4B94-BAAC-0012381851FA}.Debug|x86.ActiveCfg = Debug|Win32
		{5DFC16CC-C8A8-4B94-BAAC-0012381851FA}.Debug|x86.Build.0 = Debug|Win32
		{5DFC16CC-C8A8-4B94-BAAC-0012381851FA}.Profile|x64.ActiveCfg = Profile|x64
		{5DFC16CC-C8A8-4B94-BAAC-0012381851FA}.Profile|x64.Build.0 = Profile|x64
		{5DFC16CC-C8A8-4B94-BAAC-0012381851FA}.Profile|x86.ActiveCfg = Profile|Win32
		{5DFC16CC-C8A8-4B94-BAAC-0012381851FA}.Profile|x86.Build.0 = Profile|Win32
		{5DFC16CC-C8A8-4B94-BAAC-0012381851FA}.Release|x64.ActiveCfg = Release|x64
		{5DFC16CC-C8A8-4B94-BAAC-0012381851FA}.Release|x64.Build.0 = Release|x64
		{5DFC16CC-C8A8-4B94-BAAC-0012381851FA}.Release|x86.ActiveCfg = Release|Win32
		{5DFC16CC-C8A8-4B94-BAAC-0012381851FA}.Release|x86.Build.0 = Release|Win32
		{1F832837-89B6-4E67-9DEC-27C49F2D0C9F}.Debug|x64.ActiveCfg = Debug|x64
		{1F832837-89B6-4E67-9DEC-27C49F2D0C9F}.Debug|x64.Build.0 = Debug|x64
		{1F832837-89B6-4E67-9DEC-27C49F2D0C9F}.Debug|x86.ActiveCfg = Debug|Win32
		{1F832837-89B6-4E67-9DEC-27C49F2D0C9F}.Debug|x86.Build.0 = Debug|Win32
		{1F832837-89B6-4E67-9DEC-27C49F2D0C9F}.Profile|x64.ActiveCfg = Debug|x64
		{1F832837-89B6-4E67-9DEC-27C49F2D0C9F}.Profile|x64.Build.0 = Debug|x64
		{1F832837-89B6-4E67-9DEC-27C49F2D0C9F}.Profile|x86.ActiveCfg = Debug|Win32
		{1F832837-89B6-4E67-9DEC-27C49F2D0C9F}.Profile|x86.Build.0 = Debug|Win32
		{1F832837-89B6-4E67-9DEC-27C49F2D0C9F}.Release|x64.ActiveCfg = Release|x64
		{1F832837-89B6-4E67-9DEC-27C49F2D0C9F}.Release|x64.Build.0 = Release|x64
		{1F832837-89B6-4E67-9DEC-27C49F2D0C9F}.Release|x86.ActiveCfg = Release|Win32
		{1F832837-89B6-4E67-9DEC-27C49F2D0C9F}.Release|x86.Build.0 = Release|Win32
	EndGlobalSection
	GlobalSection(SolutionProperties) = preSolution
		HideSolutionNode = FALSE
	EndGlobalSection
	GlobalSection(NestedProjects) = preSolution
		{A1BD474A-608E-45C0-800D-29E0F810C65D} = {8EB02EE3-357C-4D10-94BC-5926A22B48EA}
		{49504718-920B-4B4C-9DD2-A858E2956B6B} = {8EB02EE3-357C-4D10-94BC-5926A22B48EA}
		{3160C1A1-DE62-4F21-ADCF-1908CEC30A5B} = {8EB02EE3-357C-4D10-94BC-5926A22B48EA}
		{5DFC16CC-C8A8-4B94-BAAC-0012381851FA} = {8EB02EE3-357C-4D10-94BC-5926A22B48EA}
	EndGlobalSection
	GlobalSection(ExtensibilityGlobals) = postSolution
		QtVersion = $(DefaultQtVersion)
		SolutionGuid = {76B236A4-4F9F-4DC4-9567-8E8A8E11EAEF}
	EndGlobalSection
EndGlobal
