<?xml version="1.0" encoding="utf-8"?>
<Project ToolsVersion="4.0" xmlns="http://schemas.microsoft.com/developer/msbuild/2003">
  <ItemGroup>
    <Filter Include="Source Files">
      <UniqueIdentifier>{4FC737F1-C7A5-4376-A066-2A32D752A2FF}</UniqueIdentifier>
      <Extensions>cpp;c;cc;cxx;def;odl;idl;hpj;bat;asm;asmx</Extensions>
    </Filter>
    <Filter Include="Header Files">
      <UniqueIdentifier>{5d11ba00-df4f-4600-99a9-c7d7b5548079}</UniqueIdentifier>
    </Filter>
    <Filter Include="Header Files\GLFW">
      <UniqueIdentifier>{41d29fd5-d4b7-4c8d-be1a-38ba52b54b8a}</UniqueIdentifier>
    </Filter>
    <Filter Include="Source Files\glad">
      <UniqueIdentifier>{8dd23fc8-1f33-4ae3-b899-e4fe6f94ac6d}</UniqueIdentifier>
    </Filter>
    <Filter Include="Header Files\glad">
      <UniqueIdentifier>{fc02bab9-7222-4d9b-aa27-f834616bb33e}</UniqueIdentifier>
    </Filter>
    <Filter Include="Header Files\msvc">
      <UniqueIdentifier>{56bed04e-1187-47de-9eb3-2b9237adb2d0}</UniqueIdentifier>
    </Filter>
    <Filter Include="Header Files\msvc\include">
      <UniqueIdentifier>{3226fc9e-3421-453c-a317-f84028a579c7}</UniqueIdentifier>
    </Filter>
  </ItemGroup>
  <ItemGroup>
    <ClInclude Include="..\3rdParty\GLFW\include\GLFW\glfw3.h">
      <Filter>Header Files\GLFW</Filter>
    </ClInclude>
    <ClInclude Include="..\3rdParty\GLFW\include\GLFW\glfw3native.h">
      <Filter>Header Files\GLFW</Filter>
    </ClInclude>
    <ClInclude Include="..\3rdParty\GLFW\deps\glad\gl.h">
      <Filter>Header Files\glad</Filter>
    </ClInclude>
    <ClInclude Include="..\3rdParty\GLFW\deps\glad\khrplatform.h">
      <Filter>Header Files\glad</Filter>
    </ClInclude>
    <ClInclude Include="..\3rdParty\GLFW\deps\glad\vk_platform.h">
      <Filter>Header Files\glad</Filter>
    </ClInclude>
    <ClInclude Include="..\3rdParty\GLFW\deps\glad\vulkan.h">
      <Filter>Header Files\glad</Filter>
    </ClInclude>
    <ClInclude Include="..\3rdParty\GLFW\msvc\include\glfw_config.h">
      <Filter>Header Files\msvc\include</Filter>
    </ClInclude>
  </ItemGroup>
  <ItemGroup>
    <ClCompile Include="..\3rdParty\GLFW\src\context.c">
      <Filter>Source Files</Filter>
    </ClCompile>
    <ClCompile Include="..\3rdParty\GLFW\src\egl_context.c">
      <Filter>Source Files</Filter>
    </ClCompile>
    <ClCompile Include="..\3rdParty\GLFW\src\init.c">
      <Filter>Source Files</Filter>
    </ClCompile>
    <ClCompile Include="..\3rdParty\GLFW\src\input.c">
      <Filter>Source Files</Filter>
    </ClCompile>
    <ClCompile Include="..\3rdParty\GLFW\src\monitor.c">
      <Filter>Source Files</Filter>
    </ClCompile>
    <ClCompile Include="..\3rdParty\GLFW\src\vulkan.c">
      <Filter>Source Files</Filter>
    </ClCompile>
    <ClCompile Include="..\3rdParty\GLFW\src\wgl_context.c">
      <Filter>Source Files</Filter>
    </ClCompile>
    <ClCompile Include="..\3rdParty\GLFW\src\win32_init.c">
      <Filter>Source Files</Filter>
    </ClCompile>
    <ClCompile Include="..\3rdParty\GLFW\src\win32_joystick.c">
      <Filter>Source Files</Filter>
    </ClCompile>
    <ClCompile Include="..\3rdParty\GLFW\src\win32_monitor.c">
      <Filter>Source Files</Filter>
    </ClCompile>
    <ClCompile Include="..\3rdParty\GLFW\src\win32_thread.c">
      <Filter>Source Files</Filter>
    </ClCompile>
    <ClCompile Include="..\3rdParty\GLFW\src\win32_time.c">
      <Filter>Source Files</Filter>
    </ClCompile>
    <ClCompile Include="..\3rdParty\GLFW\src\win32_window.c">
      <Filter>Source Files</Filter>
    </ClCompile>
    <ClCompile Include="..\3rdParty\GLFW\src\window.c">
      <Filter>Source Files</Filter>
    </ClCompile>
    <ClCompile Include="..\3rdParty\GLFW\src\osmesa_context.c">
      <Filter>Source Files</Filter>
    </ClCompile>
    <ClCompile Include="..\3rdParty\GLFW\deps\glad_gl.c">
      <Filter>Source Files\glad</Filter>
    </ClCompile>
  </ItemGroup>
</Project>